{
    "_readme": [
        "This file locks the dependencies of your project to a known state",
        "Read more about it at https://getcomposer.org/doc/01-basic-usage.md#installing-dependencies",
        "This file is @generated automatically"
    ],
    "content-hash": "9b59571f84fe5439b932f39589edd780",
    "packages": [
        {
            "name": "mudde/core",
            "version": "dev-main",
            "source": {
                "type": "git",
                "url": "git@github.com:mudde/core.git",
                "reference": "2edfae00782e7a709c074b6667e9a9a9b38cc29c"
            },
            "default-branch": true,
            "type": "library",
            "license": [
                "MIT"
            ],
            "authors": [
                {
                    "name": "Olaf Mudde",
                    "email": "olaf.mudde@xs4all.nl"
                }
            ],
            "description": "Tools for creating a typescript app",
            "time": "2021-09-02T22:36:20+00:00"
        }
    ],
    "packages-dev": [],
    "aliases": [],
    "minimum-stability": "stable",
    "stability-flags": {
        "mudde/core": 20
    },
    "prefer-stable": false,
    "prefer-lowest": false,
    "platform": {
        "php": ">=8.0.0"
    },
    "platform-dev": [],
    "plugin-api-version": "2.0.0"
}
